// !$*UTF8*$!
{
	archiveVersion = 1;
	classes = {
	};
	objectVersion = 46;
	objects = {

/* Begin PBXBuildFile section */
		2C02455318DDD7E600BC5D3E /* ep.commonsyms.h in Headers */ = {isa = PBXBuildFile; fileRef = 2C02454F18DDD7E600BC5D3E /* ep.commonsyms.h */; };
		2C02455418DDD7E600BC5D3E /* ep.defs.h in Headers */ = {isa = PBXBuildFile; fileRef = 2C02455018DDD7E600BC5D3E /* ep.defs.h */; };
		2C02455518DDD7E600BC5D3E /* ep.max.h in Headers */ = {isa = PBXBuildFile; fileRef = 2C02455118DDD7E600BC5D3E /* ep.max.h */; };
		2C02455618DDD7E600BC5D3E /* ep.tools.h in Headers */ = {isa = PBXBuildFile; fileRef = 2C02455218DDD7E600BC5D3E /* ep.tools.h */; };
		2C02455A18DDD98700BC5D3E /* ep.max.cpp in Sources */ = {isa = PBXBuildFile; fileRef = 2C02455918DDD98700BC5D3E /* ep.max.cpp */; };
		2C39963418FF4BF900B9E335 /* c.waveform~.cpp in Sources */ = {isa = PBXBuildFile; fileRef = 2C39963318FF4BF900B9E335 /* c.waveform~.cpp */; };
		2C7A069818DDC59600B69DF5 /* MaxAudioAPI.framework in Frameworks */ = {isa = PBXBuildFile; fileRef = 2C7A069718DDC59600B69DF5 /* MaxAudioAPI.framework */; };
/* End PBXBuildFile section */

/* Begin PBXFileReference section */
		2C02454F18DDD7E600BC5D3E /* ep.commonsyms.h */ = {isa = PBXFileReference; fileEncoding = 4; lastKnownFileType = sourcecode.c.h; path = ep.commonsyms.h; sourceTree = "<group>"; };
		2C02455018DDD7E600BC5D3E /* ep.defs.h */ = {isa = PBXFileReference; fileEncoding = 4; lastKnownFileType = sourcecode.c.h; path = ep.defs.h; sourceTree = "<group>"; };
		2C02455118DDD7E600BC5D3E /* ep.max.h */ = {isa = PBXFileReference; fileEncoding = 4; lastKnownFileType = sourcecode.c.h; path = ep.max.h; sourceTree = "<group>"; };
		2C02455218DDD7E600BC5D3E /* ep.tools.h */ = {isa = PBXFileReference; fileEncoding = 4; lastKnownFileType = sourcecode.c.h; path = ep.tools.h; sourceTree = "<group>"; };
		2C02455918DDD98700BC5D3E /* ep.max.cpp */ = {isa = PBXFileReference; fileEncoding = 4; lastKnownFileType = sourcecode.cpp.cpp; path = ep.max.cpp; sourceTree = "<group>"; };
		2C39963318FF4BF900B9E335 /* c.waveform~.cpp */ = {isa = PBXFileReference; fileEncoding = 4; lastKnownFileType = sourcecode.cpp.cpp; path = "c.waveform~.cpp"; sourceTree = "<group>"; };
		2C70EADF18B608F000DC6275 /* maxmspsdk.xcconfig */ = {isa = PBXFileReference; fileEncoding = 4; lastKnownFileType = text.xcconfig; name = maxmspsdk.xcconfig; path = ../maxmspsdk.xcconfig; sourceTree = "<group>"; };
		2C7A069718DDC59600B69DF5 /* MaxAudioAPI.framework */ = {isa = PBXFileReference; lastKnownFileType = wrapper.framework; name = MaxAudioAPI.framework; path = "../../SDKs/max6-sdk/c74support/msp-includes/MaxAudioAPI.framework"; sourceTree = "<group>"; };
		2FBBEAE508F335360078DB84 /* c.waveform~.mxo */ = {isa = PBXFileReference; explicitFileType = wrapper.cfbundle; includeInIndex = 0; path = "c.waveform~.mxo"; sourceTree = BUILT_PRODUCTS_DIR; };
/* End PBXFileReference section */

/* Begin PBXFrameworksBuildPhase section */
		2FBBEADC08F335360078DB84 /* Frameworks */ = {
			isa = PBXFrameworksBuildPhase;
			buildActionMask = 2147483647;
			files = (
				2C7A069818DDC59600B69DF5 /* MaxAudioAPI.framework in Frameworks */,
			);
			runOnlyForDeploymentPostprocessing = 0;
		};
/* End PBXFrameworksBuildPhase section */

/* Begin PBXGroup section */
		089C166AFE841209C02AAC07 /* iterator */ = {
			isa = PBXGroup;
			children = (
				08FB77ADFE841716C02AAC07 /* Source */,
				2C02454E18DDD7E600BC5D3E /* lib */,
				2C70EADF18B608F000DC6275 /* maxmspsdk.xcconfig */,
				2C7A069718DDC59600B69DF5 /* MaxAudioAPI.framework */,
				19C28FB4FE9D528D11CA2CBB /* Products */,
			);
			name = iterator;
			sourceTree = "<group>";
		};
		08FB77ADFE841716C02AAC07 /* Source */ = {
			isa = PBXGroup;
			children = (
				2C39963318FF4BF900B9E335 /* c.waveform~.cpp */,
			);
			name = Source;
			sourceTree = "<group>";
		};
		19C28FB4FE9D528D11CA2CBB /* Products */ = {
			isa = PBXGroup;
			children = (
				2FBBEAE508F335360078DB84 /* c.waveform~.mxo */,
			);
			name = Products;
			sourceTree = "<group>";
		};
		2C02454E18DDD7E600BC5D3E /* lib */ = {
			isa = PBXGroup;
			children = (
				2C02454F18DDD7E600BC5D3E /* ep.commonsyms.h */,
				2C02455018DDD7E600BC5D3E /* ep.defs.h */,
				2C02455118DDD7E600BC5D3E /* ep.max.h */,
				2C02455918DDD98700BC5D3E /* ep.max.cpp */,
				2C02455218DDD7E600BC5D3E /* ep.tools.h */,
			);
			name = lib;
			path = ../lib;
			sourceTree = "<group>";
		};
/* End PBXGroup section */

/* Begin PBXHeadersBuildPhase section */
		2FBBEAD708F335360078DB84 /* Headers */ = {
			isa = PBXHeadersBuildPhase;
			buildActionMask = 2147483647;
			files = (
				2C02455318DDD7E600BC5D3E /* ep.commonsyms.h in Headers */,
				2C02455618DDD7E600BC5D3E /* ep.tools.h in Headers */,
				2C02455418DDD7E600BC5D3E /* ep.defs.h in Headers */,
				2C02455518DDD7E600BC5D3E /* ep.max.h in Headers */,
			);
			runOnlyForDeploymentPostprocessing = 0;
		};
/* End PBXHeadersBuildPhase section */

/* Begin PBXNativeTarget section */
		2FBBEAD608F335360078DB84 /* max-external */ = {
			isa = PBXNativeTarget;
			buildConfigurationList = 2FBBEAE008F335360078DB84 /* Build configuration list for PBXNativeTarget "max-external" */;
			buildPhases = (
				2FBBEAD708F335360078DB84 /* Headers */,
				2FBBEAD808F335360078DB84 /* Resources */,
				2FBBEADA08F335360078DB84 /* Sources */,
				2FBBEADC08F335360078DB84 /* Frameworks */,
				2FBBEADF08F335360078DB84 /* Rez */,
			);
			buildRules = (
			);
			dependencies = (
			);
			name = "max-external";
			productName = iterator;
			productReference = 2FBBEAE508F335360078DB84 /* c.waveform~.mxo */;
			productType = "com.apple.product-type.bundle";
		};
/* End PBXNativeTarget section */

/* Begin PBXProject section */
		089C1669FE841209C02AAC07 /* Project object */ = {
			isa = PBXProject;
			attributes = {
				LastUpgradeCheck = 0510;
			};
			buildConfigurationList = 2FBBEACF08F335010078DB84 /* Build configuration list for PBXProject "c.waveform~" */;
			compatibilityVersion = "Xcode 3.2";
			developmentRegion = English;
			hasScannedForEncodings = 1;
			knownRegions = (
				English,
				Japanese,
				French,
				German,
			);
			mainGroup = 089C166AFE841209C02AAC07 /* iterator */;
			projectDirPath = "";
			projectRoot = "";
			targets = (
				2FBBEAD608F335360078DB84 /* max-external */,
			);
		};
/* End PBXProject section */

/* Begin PBXResourcesBuildPhase section */
		2FBBEAD808F335360078DB84 /* Resources */ = {
			isa = PBXResourcesBuildPhase;
			buildActionMask = 2147483647;
			files = (
			);
			runOnlyForDeploymentPostprocessing = 0;
		};
/* End PBXResourcesBuildPhase section */

/* Begin PBXRezBuildPhase section */
		2FBBEADF08F335360078DB84 /* Rez */ = {
			isa = PBXRezBuildPhase;
			buildActionMask = 2147483647;
			files = (
			);
			runOnlyForDeploymentPostprocessing = 0;
		};
/* End PBXRezBuildPhase section */

/* Begin PBXSourcesBuildPhase section */
		2FBBEADA08F335360078DB84 /* Sources */ = {
			isa = PBXSourcesBuildPhase;
			buildActionMask = 2147483647;
			files = (
				2C39963418FF4BF900B9E335 /* c.waveform~.cpp in Sources */,
				2C02455A18DDD98700BC5D3E /* ep.max.cpp in Sources */,
			);
			runOnlyForDeploymentPostprocessing = 0;
		};
/* End PBXSourcesBuildPhase section */

/* Begin XCBuildConfiguration section */
		2FBBEAD008F335010078DB84 /* Development */ = {
			isa = XCBuildConfiguration;
			baseConfigurationReference = 2C70EADF18B608F000DC6275 /* maxmspsdk.xcconfig */;
			buildSettings = {
				OTHER_LDFLAGS = "\"$(C74_SYM_LINKER_FLAGS)\"";
			};
			name = Development;
		};
		2FBBEAD108F335010078DB84 /* Deployment */ = {
			isa = XCBuildConfiguration;
			baseConfigurationReference = 2C70EADF18B608F000DC6275 /* maxmspsdk.xcconfig */;
			buildSettings = {
				OTHER_LDFLAGS = "\"$(C74_SYM_LINKER_FLAGS)\"";
			};
			name = Deployment;
		};
		2FBBEAE108F335360078DB84 /* Development */ = {
			isa = XCBuildConfiguration;
			buildSettings = {
				COMBINE_HIDPI_IMAGES = YES;
				COPY_PHASE_STRIP = NO;
				FRAMEWORK_SEARCH_PATHS = "$(inherited)";
				GCC_OPTIMIZATION_LEVEL = 0;
				PRODUCT_NAME = "c.waveform~";
			};
			name = Development;
		};
		2FBBEAE208F335360078DB84 /* Deployment */ = {
			isa = XCBuildConfiguration;
			buildSettings = {
				COMBINE_HIDPI_IMAGES = YES;
				COPY_PHASE_STRIP = YES;
				FRAMEWORK_SEARCH_PATHS = "$(inherited)";
				PRODUCT_NAME = "c.waveform~";
			};
			name = Deployment;
		};
/* End XCBuildConfiguration section */

/* Begin XCConfigurationList section */
		2FBBEACF08F335010078DB84 /* Build configuration list for PBXProject "c.waveform~" */ = {
			isa = XCConfigurationList;
			buildConfigurations = (
				2FBBEAD008F335010078DB84 /* Development */,
				2FBBEAD108F335010078DB84 /* Deployment */,
			);
			defaultConfigurationIsVisible = 0;
			defaultConfigurationName = Development;
		};
		2FBBEAE008F335360078DB84 /* Build configuration list for PBXNativeTarget "max-external" */ = {
			isa = XCConfigurationList;
			buildConfigurations = (
				2FBBEAE108F335360078DB84 /* Development */,
				2FBBEAE208F335360078DB84 /* Deployment */,
			);
			defaultConfigurationIsVisible = 0;
			defaultConfigurationName = Development;
		};
/* End XCConfigurationList section */
	};
	rootObject = 089C1669FE841209C02AAC07 /* Project object */;
}
