// !$*UTF8*$!
{
	archiveVersion = 1;
	classes = {
	};
	objectVersion = 46;
	objects = {

/* Begin PBXBuildFile section */
		2CAAEC4119001EF800A4EA4F /* c.notification.mm in Sources */ = {isa = PBXBuildFile; fileRef = 2CAAEC4019001EF800A4EA4F /* c.notification.mm */; };
		2CAAEC491900238F00A4EA4F /* Foundation.framework in Frameworks */ = {isa = PBXBuildFile; fileRef = 2CAAEC481900238F00A4EA4F /* Foundation.framework */; };
		2CAAEC5019006C1F00A4EA4F /* ep.commonsyms.h in Headers */ = {isa = PBXBuildFile; fileRef = 2CAAEC4B19006C1F00A4EA4F /* ep.commonsyms.h */; };
		2CAAEC5119006C1F00A4EA4F /* ep.defs.h in Headers */ = {isa = PBXBuildFile; fileRef = 2CAAEC4C19006C1F00A4EA4F /* ep.defs.h */; };
		2CAAEC5219006C1F00A4EA4F /* ep.max.cpp in Sources */ = {isa = PBXBuildFile; fileRef = 2CAAEC4D19006C1F00A4EA4F /* ep.max.cpp */; };
		2CAAEC5319006C1F00A4EA4F /* ep.max.h in Headers */ = {isa = PBXBuildFile; fileRef = 2CAAEC4E19006C1F00A4EA4F /* ep.max.h */; };
		2CAAEC5419006C1F00A4EA4F /* ep.tools.h in Headers */ = {isa = PBXBuildFile; fileRef = 2CAAEC4F19006C1F00A4EA4F /* ep.tools.h */; };
		2CAAEC5619009B2C00A4EA4F /* AppKit.framework in Frameworks */ = {isa = PBXBuildFile; fileRef = 2CAAEC5519009B2C00A4EA4F /* AppKit.framework */; };
		2CF5D5AC18E0EC9400554938 /* maxmspsdk.xcconfig in Resources */ = {isa = PBXBuildFile; fileRef = 2CF5D5AB18E0EC9400554938 /* maxmspsdk.xcconfig */; };
		8F18A8BE17287341005FD621 /* Accelerate.framework in Frameworks */ = {isa = PBXBuildFile; fileRef = 8F18A8BD17287341005FD621 /* Accelerate.framework */; };
		8F7EC130177AD88600AA6CFE /* CoreFoundation.framework in Frameworks */ = {isa = PBXBuildFile; fileRef = 8F7EC12F177AD88600AA6CFE /* CoreFoundation.framework */; };
/* End PBXBuildFile section */

/* Begin PBXFileReference section */
		2CAAEC4019001EF800A4EA4F /* c.notification.mm */ = {isa = PBXFileReference; fileEncoding = 4; lastKnownFileType = sourcecode.cpp.objcpp; path = c.notification.mm; sourceTree = "<group>"; };
		2CAAEC481900238F00A4EA4F /* Foundation.framework */ = {isa = PBXFileReference; lastKnownFileType = wrapper.framework; name = Foundation.framework; path = System/Library/Frameworks/Foundation.framework; sourceTree = SDKROOT; };
		2CAAEC4B19006C1F00A4EA4F /* ep.commonsyms.h */ = {isa = PBXFileReference; fileEncoding = 4; lastKnownFileType = sourcecode.c.h; path = ep.commonsyms.h; sourceTree = "<group>"; };
		2CAAEC4C19006C1F00A4EA4F /* ep.defs.h */ = {isa = PBXFileReference; fileEncoding = 4; lastKnownFileType = sourcecode.c.h; path = ep.defs.h; sourceTree = "<group>"; };
		2CAAEC4D19006C1F00A4EA4F /* ep.max.cpp */ = {isa = PBXFileReference; fileEncoding = 4; lastKnownFileType = sourcecode.cpp.cpp; path = ep.max.cpp; sourceTree = "<group>"; };
		2CAAEC4E19006C1F00A4EA4F /* ep.max.h */ = {isa = PBXFileReference; fileEncoding = 4; lastKnownFileType = sourcecode.c.h; path = ep.max.h; sourceTree = "<group>"; };
		2CAAEC4F19006C1F00A4EA4F /* ep.tools.h */ = {isa = PBXFileReference; fileEncoding = 4; lastKnownFileType = sourcecode.c.h; path = ep.tools.h; sourceTree = "<group>"; };
		2CAAEC5519009B2C00A4EA4F /* AppKit.framework */ = {isa = PBXFileReference; lastKnownFileType = wrapper.framework; name = AppKit.framework; path = System/Library/Frameworks/AppKit.framework; sourceTree = SDKROOT; };
		2CF5D5AB18E0EC9400554938 /* maxmspsdk.xcconfig */ = {isa = PBXFileReference; fileEncoding = 4; lastKnownFileType = text.xcconfig; name = maxmspsdk.xcconfig; path = ../maxmspsdk.xcconfig; sourceTree = "<group>"; };
		2FBBEAE508F335360078DB84 /* c.notification.mxo */ = {isa = PBXFileReference; explicitFileType = wrapper.cfbundle; includeInIndex = 0; path = c.notification.mxo; sourceTree = BUILT_PRODUCTS_DIR; };
		8F18A8BD17287341005FD621 /* Accelerate.framework */ = {isa = PBXFileReference; lastKnownFileType = wrapper.framework; name = Accelerate.framework; path = System/Library/Frameworks/Accelerate.framework; sourceTree = SDKROOT; };
		8F7EC12F177AD88600AA6CFE /* CoreFoundation.framework */ = {isa = PBXFileReference; lastKnownFileType = wrapper.framework; name = CoreFoundation.framework; path = System/Library/Frameworks/CoreFoundation.framework; sourceTree = SDKROOT; };
/* End PBXFileReference section */

/* Begin PBXFrameworksBuildPhase section */
		2FBBEADC08F335360078DB84 /* Frameworks */ = {
			isa = PBXFrameworksBuildPhase;
			buildActionMask = 2147483647;
			files = (
				2CAAEC5619009B2C00A4EA4F /* AppKit.framework in Frameworks */,
				2CAAEC491900238F00A4EA4F /* Foundation.framework in Frameworks */,
				8F7EC130177AD88600AA6CFE /* CoreFoundation.framework in Frameworks */,
				8F18A8BE17287341005FD621 /* Accelerate.framework in Frameworks */,
			);
			runOnlyForDeploymentPostprocessing = 0;
		};
/* End PBXFrameworksBuildPhase section */

/* Begin PBXGroup section */
		089C166AFE841209C02AAC07 /* iterator */ = {
			isa = PBXGroup;
			children = (
				2CAAEC421900221800A4EA4F /* src */,
				2CAAEC4A19006C1F00A4EA4F /* lib */,
				2CF5D5AB18E0EC9400554938 /* maxmspsdk.xcconfig */,
				2CAAEC5519009B2C00A4EA4F /* AppKit.framework */,
				2CAAEC481900238F00A4EA4F /* Foundation.framework */,
				8F7EC12F177AD88600AA6CFE /* CoreFoundation.framework */,
				8F18A8BD17287341005FD621 /* Accelerate.framework */,
				19C28FB4FE9D528D11CA2CBB /* Products */,
			);
			name = iterator;
			sourceTree = "<group>";
		};
		19C28FB4FE9D528D11CA2CBB /* Products */ = {
			isa = PBXGroup;
			children = (
				2FBBEAE508F335360078DB84 /* c.notification.mxo */,
			);
			name = Products;
			sourceTree = "<group>";
		};
		2CAAEC421900221800A4EA4F /* src */ = {
			isa = PBXGroup;
			children = (
				2CAAEC4019001EF800A4EA4F /* c.notification.mm */,
			);
			name = src;
			sourceTree = "<group>";
		};
		2CAAEC4A19006C1F00A4EA4F /* lib */ = {
			isa = PBXGroup;
			children = (
				2CAAEC4B19006C1F00A4EA4F /* ep.commonsyms.h */,
				2CAAEC4C19006C1F00A4EA4F /* ep.defs.h */,
				2CAAEC4D19006C1F00A4EA4F /* ep.max.cpp */,
				2CAAEC4E19006C1F00A4EA4F /* ep.max.h */,
				2CAAEC4F19006C1F00A4EA4F /* ep.tools.h */,
			);
			name = lib;
			path = ../lib;
			sourceTree = "<group>";
		};
/* End PBXGroup section */

/* Begin PBXHeadersBuildPhase section */
		2FBBEAD708F335360078DB84 /* Headers */ = {
			isa = PBXHeadersBuildPhase;
			buildActionMask = 2147483647;
			files = (
				2CAAEC5419006C1F00A4EA4F /* ep.tools.h in Headers */,
				2CAAEC5119006C1F00A4EA4F /* ep.defs.h in Headers */,
				2CAAEC5319006C1F00A4EA4F /* ep.max.h in Headers */,
				2CAAEC5019006C1F00A4EA4F /* ep.commonsyms.h in Headers */,
			);
			runOnlyForDeploymentPostprocessing = 0;
		};
/* End PBXHeadersBuildPhase section */

/* Begin PBXNativeTarget section */
		2FBBEAD608F335360078DB84 /* max-external */ = {
			isa = PBXNativeTarget;
			buildConfigurationList = 2FBBEAE008F335360078DB84 /* Build configuration list for PBXNativeTarget "max-external" */;
			buildPhases = (
				2FBBEAD708F335360078DB84 /* Headers */,
				2FBBEAD808F335360078DB84 /* Resources */,
				2FBBEADA08F335360078DB84 /* Sources */,
				2FBBEADC08F335360078DB84 /* Frameworks */,
				2FBBEADF08F335360078DB84 /* Rez */,
			);
			buildRules = (
			);
			dependencies = (
			);
			name = "max-external";
			productName = iterator;
			productReference = 2FBBEAE508F335360078DB84 /* c.notification.mxo */;
			productType = "com.apple.product-type.bundle";
		};
/* End PBXNativeTarget section */

/* Begin PBXProject section */
		089C1669FE841209C02AAC07 /* Project object */ = {
			isa = PBXProject;
			attributes = {
				LastUpgradeCheck = 0510;
			};
			buildConfigurationList = 2FBBEACF08F335010078DB84 /* Build configuration list for PBXProject "c.notification" */;
			compatibilityVersion = "Xcode 3.2";
			developmentRegion = English;
			hasScannedForEncodings = 1;
			knownRegions = (
				English,
				Japanese,
				French,
				German,
			);
			mainGroup = 089C166AFE841209C02AAC07 /* iterator */;
			projectDirPath = "";
			projectRoot = "";
			targets = (
				2FBBEAD608F335360078DB84 /* max-external */,
			);
		};
/* End PBXProject section */

/* Begin PBXResourcesBuildPhase section */
		2FBBEAD808F335360078DB84 /* Resources */ = {
			isa = PBXResourcesBuildPhase;
			buildActionMask = 2147483647;
			files = (
				2CF5D5AC18E0EC9400554938 /* maxmspsdk.xcconfig in Resources */,
			);
			runOnlyForDeploymentPostprocessing = 0;
		};
/* End PBXResourcesBuildPhase section */

/* Begin PBXRezBuildPhase section */
		2FBBEADF08F335360078DB84 /* Rez */ = {
			isa = PBXRezBuildPhase;
			buildActionMask = 2147483647;
			files = (
			);
			runOnlyForDeploymentPostprocessing = 0;
		};
/* End PBXRezBuildPhase section */

/* Begin PBXSourcesBuildPhase section */
		2FBBEADA08F335360078DB84 /* Sources */ = {
			isa = PBXSourcesBuildPhase;
			buildActionMask = 2147483647;
			files = (
				2CAAEC5219006C1F00A4EA4F /* ep.max.cpp in Sources */,
				2CAAEC4119001EF800A4EA4F /* c.notification.mm in Sources */,
			);
			runOnlyForDeploymentPostprocessing = 0;
		};
/* End PBXSourcesBuildPhase section */

/* Begin XCBuildConfiguration section */
		2FBBEAD008F335010078DB84 /* Development */ = {
			isa = XCBuildConfiguration;
			baseConfigurationReference = 2CF5D5AB18E0EC9400554938 /* maxmspsdk.xcconfig */;
			buildSettings = {
				HEADER_SEARCH_PATHS = (
					/usr/local/include,
					/Developer/usr/include,
					/Developer/usr/local/boost_1_48_0,
				);
				LIBRARY_SEARCH_PATHS = (
					/usr/local/lib,
					Developer/usr/lib,
				);
				OTHER_LDFLAGS = (
					libgsl.a,
					"-static",
					"-lcblas",
					"-latlas",
					"-lm",
				);
				SDKROOT = macosx;
				STANDARD_C_PLUS_PLUS_LIBRARY_TYPE = dynamic;
				USER_HEADER_SEARCH_PATHS = /usr/local/include;
				VALID_ARCHS = "i386 x86_64";
			};
			name = Development;
		};
		2FBBEAD108F335010078DB84 /* Deployment */ = {
			isa = XCBuildConfiguration;
			baseConfigurationReference = 2CF5D5AB18E0EC9400554938 /* maxmspsdk.xcconfig */;
			buildSettings = {
				HEADER_SEARCH_PATHS = (
					/usr/local/include,
					/Developer/usr/include,
					/Developer/usr/local/boost_1_48_0,
				);
				LIBRARY_SEARCH_PATHS = (
					/usr/local/lib,
					Developer/usr/lib,
				);
				OTHER_LDFLAGS = (
					libgsl.a,
					"-static",
					"-lcblas",
					"-latlas",
					"-lm",
				);
				SDKROOT = macosx;
				STANDARD_C_PLUS_PLUS_LIBRARY_TYPE = dynamic;
				USER_HEADER_SEARCH_PATHS = /usr/local/include;
				VALID_ARCHS = "i386 x86_64";
			};
			name = Deployment;
		};
		2FBBEAE108F335360078DB84 /* Development */ = {
			isa = XCBuildConfiguration;
			buildSettings = {
				COMBINE_HIDPI_IMAGES = YES;
				COPY_PHASE_STRIP = NO;
				FRAMEWORK_SEARCH_PATHS = "$(inherited)";
				GCC_DYNAMIC_NO_PIC = YES;
				GCC_ENABLE_FLOATING_POINT_LIBRARY_CALLS = YES;
				GCC_ENABLE_KERNEL_DEVELOPMENT = NO;
				GCC_ENABLE_SSE3_EXTENSIONS = YES;
				GCC_ENABLE_SSE41_EXTENSIONS = YES;
				GCC_ENABLE_SSE42_EXTENSIONS = YES;
				GCC_ENABLE_SUPPLEMENTAL_SSE3_INSTRUCTIONS = YES;
				GCC_FAST_MATH = YES;
				GCC_FEEDBACK_DIRECTED_OPTIMIZATION = GenerateProfile;
				GCC_GENERATE_TEST_COVERAGE_FILES = YES;
				GCC_INCREASE_PRECOMPILED_HEADER_SHARING = YES;
				GCC_INPUT_FILETYPE = sourcecode.cpp.objcpp;
				GCC_INSTRUMENT_PROGRAM_FLOW_ARCS = YES;
				GCC_NO_COMMON_BLOCKS = YES;
				GCC_OPTIMIZATION_LEVEL = 0;
				GCC_UNROLL_LOOPS = YES;
				GCC_USE_INDIRECT_FUNCTION_CALLS = YES;
				GCC_USE_REGISTER_FUNCTION_CALLS = YES;
				GCC_VERSION = com.apple.compilers.llvm.clang.1_0;
				HEADER_SEARCH_PATHS = (
					"\"$(C74SUPPORT)/max-includes\"",
					"\"$(C74SUPPORT)/msp-includes\"",
					"\"$(C74SUPPORT)/jit-includes\"",
				);
				INFOPLIST_FILE = "$(SRCROOT)/../Info.plist";
				LIBRARY_SEARCH_PATHS = "";
				LLVM_LTO = YES;
				OTHER_LDFLAGS = "\"$(C74_SYM_LINKER_FLAGS)\"";
				PRODUCT_NAME = c.notification;
				USER_HEADER_SEARCH_PATHS = "/usr/local/include /Developer/usr/include";
				VALID_ARCHS = "i386 x86_64";
			};
			name = Development;
		};
		2FBBEAE208F335360078DB84 /* Deployment */ = {
			isa = XCBuildConfiguration;
			buildSettings = {
				COMBINE_HIDPI_IMAGES = YES;
				COPY_PHASE_STRIP = YES;
				FRAMEWORK_SEARCH_PATHS = "$(inherited)";
				GCC_DYNAMIC_NO_PIC = YES;
				GCC_ENABLE_FLOATING_POINT_LIBRARY_CALLS = YES;
				GCC_ENABLE_KERNEL_DEVELOPMENT = NO;
				GCC_ENABLE_SSE3_EXTENSIONS = YES;
				GCC_ENABLE_SSE41_EXTENSIONS = YES;
				GCC_ENABLE_SSE42_EXTENSIONS = YES;
				GCC_ENABLE_SUPPLEMENTAL_SSE3_INSTRUCTIONS = YES;
				GCC_FAST_MATH = YES;
				GCC_FEEDBACK_DIRECTED_OPTIMIZATION = GenerateProfile;
				GCC_GENERATE_TEST_COVERAGE_FILES = YES;
				GCC_INCREASE_PRECOMPILED_HEADER_SHARING = YES;
				GCC_INPUT_FILETYPE = sourcecode.cpp.objcpp;
				GCC_INSTRUMENT_PROGRAM_FLOW_ARCS = YES;
				GCC_NO_COMMON_BLOCKS = YES;
				GCC_OPTIMIZATION_LEVEL = 3;
				GCC_UNROLL_LOOPS = YES;
				GCC_USE_INDIRECT_FUNCTION_CALLS = YES;
				GCC_USE_REGISTER_FUNCTION_CALLS = YES;
				GCC_VERSION = com.apple.compilers.llvm.clang.1_0;
				HEADER_SEARCH_PATHS = (
					"\"$(C74SUPPORT)/max-includes\"",
					"\"$(C74SUPPORT)/msp-includes\"",
					"\"$(C74SUPPORT)/jit-includes\"",
				);
				INFOPLIST_FILE = "$(SRCROOT)/../Info.plist";
				LIBRARY_SEARCH_PATHS = "";
				LLVM_LTO = YES;
				OTHER_LDFLAGS = "\"$(C74_SYM_LINKER_FLAGS)\"";
				PRODUCT_NAME = c.notification;
				USER_HEADER_SEARCH_PATHS = "/usr/local/include /Developer/usr/include";
				VALID_ARCHS = "i386 x86_64";
			};
			name = Deployment;
		};
/* End XCBuildConfiguration section */

/* Begin XCConfigurationList section */
		2FBBEACF08F335010078DB84 /* Build configuration list for PBXProject "c.notification" */ = {
			isa = XCConfigurationList;
			buildConfigurations = (
				2FBBEAD008F335010078DB84 /* Development */,
				2FBBEAD108F335010078DB84 /* Deployment */,
			);
			defaultConfigurationIsVisible = 0;
			defaultConfigurationName = Deployment;
		};
		2FBBEAE008F335360078DB84 /* Build configuration list for PBXNativeTarget "max-external" */ = {
			isa = XCConfigurationList;
			buildConfigurations = (
				2FBBEAE108F335360078DB84 /* Development */,
				2FBBEAE208F335360078DB84 /* Deployment */,
			);
			defaultConfigurationIsVisible = 0;
			defaultConfigurationName = Deployment;
		};
/* End XCConfigurationList section */
	};
	rootObject = 089C1669FE841209C02AAC07 /* Project object */;
}
